
Microsoft Visual Studio Solution File, Format Version 12.00
# Visual Studio Version 17
VisualStudioVersion = 17.7.34031.279
MinimumVisualStudioVersion = 10.0.40219.1
Project("{FAE04EC0-301F-11D3-BF4B-00C04F79EFBC}") = "RegionVisualizer", "RegionVisualizer\RegionVisualizer.csproj", "{4F446DF7-75EF-42F5-9B34-67BC2E12C442}"
EndProject
Project("{FAE04EC0-301F-11D3-BF4B-00C04F79EFBC}") = "CakeBuild", "ZZCakeBuild\CakeBuild.csproj", "{1DD671B1-68E0-4313-ABB3-93513822C386}"
EndProject
Global
	GlobalSection(SolutionConfigurationPlatforms) = preSolution
		Debug|Any CPU = Debug|Any CPU
		Release|Any CPU = Release|Any CPU
	EndGlobalSection
	GlobalSection(ProjectConfigurationPlatforms) = postSolution
		{4F446DF7-75EF-42F5-9B34-67BC2E12C442}.Debug|Any CPU.ActiveCfg = Debug|Any CPU
		{4F446DF7-75EF-42F5-9B34-67BC2E12C442}.Debug|Any CPU.Build.0 = Debug|Any CPU
		{4F446DF7-75EF-42F5-9B34-67BC2E12C442}.Release|Any CPU.ActiveCfg = Release|Any CPU
		{4F446DF7-75EF-42F5-9B34-67BC2E12C442}.Release|Any CPU.Build.0 = Release|Any CPU
		{1DD671B1-68E0-4313-ABB3-93513822C386}.Debug|Any CPU.ActiveCfg = Debug|Any CPU
		{1DD671B1-68E0-4313-ABB3-93513822C386}.Debug|Any CPU.Build.0 = Debug|Any CPU
		{1DD671B1-68E0-4313-ABB3-93513822C386}.Release|Any CPU.ActiveCfg = Release|Any CPU
		{1DD671B1-68E0-4313-ABB3-93513822C386}.Release|Any CPU.Build.0 = Release|Any CPU
	EndGlobalSection
	GlobalSection(SolutionProperties) = preSolution
		HideSolutionNode = FALSE
	EndGlobalSection
	GlobalSection(ExtensibilityGlobals) = postSolution
		SolutionGuid = {F02B8F7D-128B-4982-98C9-031F14AFDE7C}
	EndGlobalSection
EndGlobal
